# This is a Gradle generated file for dependency locking.
# Manual edits can break the build and are not advised.
# This file is expected to be part of source control.
org.jetbrains.kotlin:kotlin-compiler-embeddable:2.3.0=kotlinCompilerClasspath
org.jetbrains.kotlin:kotlin-daemon-embeddable:2.3.0=kotlinCompilerClasspath
org.jetbrains.kotlin:kotlin-dom-api-compat:2.3.0=jsCompileClasspath,jsNpmAggregated,jsRuntimeClasspath,jsTestCompileClasspath,jsTestNpmAggregated,jsTestRuntimeClasspath
org.jetbrains.kotlin:kotlin-reflect:1.6.10=kotlinCompilerClasspath
org.jetbrains.kotlin:kotlin-script-runtime:2.3.0=kotlinCompilerClasspath,kotlinCompilerPluginClasspathJsMain,kotlinCompilerPluginClasspathJsTest
org.jetbrains.kotlin:kotlin-scripting-common:2.3.0=kotlinCompilerPluginClasspathJsMain,kotlinCompilerPluginClasspathJsTest
org.jetbrains.kotlin:kotlin-scripting-compiler-embeddable:2.3.0=kotlinCompilerPluginClasspathJsMain,kotlinCompilerPluginClasspathJsTest
org.jetbrains.kotlin:kotlin-scripting-compiler-impl-embeddable:2.3.0=kotlinCompilerPluginClasspathJsMain,kotlinCompilerPluginClasspathJsTest
org.jetbrains.kotlin:kotlin-scripting-jvm:2.3.0=kotlinCompilerPluginClasspathJsMain,kotlinCompilerPluginClasspathJsTest
org.jetbrains.kotlin:kotlin-serialization-compiler-plugin-embeddable:2.3.0=kotlinCompilerPluginClasspathJsMain,kotlinCompilerPluginClasspathJsTest
org.jetbrains.kotlin:kotlin-stdlib-js:2.3.0=jsCompileClasspath,jsNpmAggregated,jsRuntimeClasspath,jsTestCompileClasspath,jsTestNpmAggregated,jsTestRuntimeClasspath
org.jetbrains.kotlin:kotlin-stdlib:2.3.0=jsCompileClasspath,jsNpmAggregated,jsRuntimeClasspath,jsTestCompileClasspath,jsTestNpmAggregated,jsTestRuntimeClasspath,kotlinCompilerClasspath,kotlinCompilerPluginClasspathJsMain,kotlinCompilerPluginClasspathJsTest
org.jetbrains.kotlin:kotlin-test-js:2.3.0=jsTestCompileClasspath,jsTestNpmAggregated,jsTestRuntimeClasspath
org.jetbrains.kotlin:kotlin-test:2.3.0=jsTestCompileClasspath,jsTestNpmAggregated,jsTestRuntimeClasspath
org.jetbrains.kotlinx:kotlinx-coroutines-core-jvm:1.8.0=kotlinCompilerClasspath
org.jetbrains.kotlinx:kotlinx-serialization-core-js:1.9.0=jsCompileClasspath,jsNpmAggregated,jsRuntimeClasspath,jsTestCompileClasspath,jsTestNpmAggregated,jsTestRuntimeClasspath
org.jetbrains.kotlinx:kotlinx-serialization-core:1.9.0=jsCompileClasspath,jsNpmAggregated,jsRuntimeClasspath,jsTestCompileClasspath,jsTestNpmAggregated,jsTestRuntimeClasspath
org.jetbrains.kotlinx:kotlinx-serialization-json-js:1.9.0=jsCompileClasspath,jsNpmAggregated,jsRuntimeClasspath,jsTestCompileClasspath,jsTestNpmAggregated,jsTestRuntimeClasspath
org.jetbrains.kotlinx:kotlinx-serialization-json:1.9.0=jsCompileClasspath,jsNpmAggregated,jsRuntimeClasspath,jsTestCompileClasspath,jsTestNpmAggregated,jsTestRuntimeClasspath
org.jetbrains:annotations:13.0=kotlinCompilerClasspath,kotlinCompilerPluginClasspathJsMain,kotlinCompilerPluginClasspathJsTest
empty=
